{
  "requires": true,
  "lockfileVersion": 1,
  "dependencies": {
    "vue-router": {
      "version": "4.0.1",
      "resolved": "https://registry.npmjs.org/vue-router/-/vue-router-4.0.1.tgz",
      "integrity": "sha512-2C2nRxA2nCusgJyUpvcbd9Bnc9kACp/VLUCK4drXtgeRXHjQliZJcgjjP268vkGvvEKun9jjp8Ic1PpzUgbYKg=="
    }
  }
}
